// !$*UTF8*$!
{
	archiveVersion = 1;
	classes = {
	};
	objectVersion = 56;
	objects = {

/* Begin PBXBuildFile section */
		6B3BA19B2C042EA90091E54E /* UIColorExt.swift in Sources */ = {isa = PBXBuildFile; fileRef = 6B3BA19A2C042EA90091E54E /* UIColorExt.swift */; };
		6B4120A52C031CAC00CB10FE /* AppDelegate.swift in Sources */ = {isa = PBXBuildFile; fileRef = 6B4120A42C031CAC00CB10FE /* AppDelegate.swift */; };
		6B4120A92C031CAC00CB10FE /* HomeViewController.swift in Sources */ = {isa = PBXBuildFile; fileRef = 6B4120A82C031CAC00CB10FE /* HomeViewController.swift */; };
		6B4120AE2C031CAE00CB10FE /* Assets.xcassets in Resources */ = {isa = PBXBuildFile; fileRef = 6B4120AD2C031CAE00CB10FE /* Assets.xcassets */; };
		6B4120B12C031CAE00CB10FE /* LaunchScreen.storyboard in Resources */ = {isa = PBXBuildFile; fileRef = 6B4120AF2C031CAE00CB10FE /* LaunchScreen.storyboard */; };
		6B4120BC2C031CAF00CB10FE /* CathayFriendListTests.swift in Sources */ = {isa = PBXBuildFile; fileRef = 6B4120BB2C031CAF00CB10FE /* CathayFriendListTests.swift */; };
		6B4120C62C031CAF00CB10FE /* CathayFriendListUITests.swift in Sources */ = {isa = PBXBuildFile; fileRef = 6B4120C52C031CAF00CB10FE /* CathayFriendListUITests.swift */; };
		6B4120C82C031CAF00CB10FE /* CathayFriendListUITestsLaunchTests.swift in Sources */ = {isa = PBXBuildFile; fileRef = 6B4120C72C031CAF00CB10FE /* CathayFriendListUITestsLaunchTests.swift */; };
		6B4120D82C032CE000CB10FE /* SnapKit in Frameworks */ = {isa = PBXBuildFile; productRef = 6B4120D72C032CE000CB10FE /* SnapKit */; };
		6B4120DA2C032CE400CB10FE /* Alamofire in Frameworks */ = {isa = PBXBuildFile; productRef = 6B4120D92C032CE400CB10FE /* Alamofire */; };
		6B4120E12C0330A000CB10FE /* PageCategories.swift in Sources */ = {isa = PBXBuildFile; fileRef = 6B4120E02C0330A000CB10FE /* PageCategories.swift */; };
		6B4120E92C0331CC00CB10FE /* NoFriendsViewController.swift in Sources */ = {isa = PBXBuildFile; fileRef = 6B4120E82C0331CC00CB10FE /* NoFriendsViewController.swift */; };
		6B4120EB2C0331DE00CB10FE /* OnlyFriendListViewController.swift in Sources */ = {isa = PBXBuildFile; fileRef = 6B4120EA2C0331DE00CB10FE /* OnlyFriendListViewController.swift */; };
		6B4120ED2C0331E800CB10FE /* FriendListWithInvitationViewController.swift in Sources */ = {isa = PBXBuildFile; fileRef = 6B4120EC2C0331E800CB10FE /* FriendListWithInvitationViewController.swift */; };
		6B4120F02C0332E500CB10FE /* PagesFactory.swift in Sources */ = {isa = PBXBuildFile; fileRef = 6B4120EF2C0332E500CB10FE /* PagesFactory.swift */; };
		6B4120F22C03354600CB10FE /* HomeViewStyle.swift in Sources */ = {isa = PBXBuildFile; fileRef = 6B4120F12C03354600CB10FE /* HomeViewStyle.swift */; };
		6B4120F52C034AF900CB10FE /* ApiRequestAble.swift in Sources */ = {isa = PBXBuildFile; fileRef = 6B4120F42C034AF900CB10FE /* ApiRequestAble.swift */; };
		6B4120F72C034B5200CB10FE /* ApiServiceRequest.swift in Sources */ = {isa = PBXBuildFile; fileRef = 6B4120F62C034B5200CB10FE /* ApiServiceRequest.swift */; };
		6B4120F92C034B9900CB10FE /* ApiPathProtocol.swift in Sources */ = {isa = PBXBuildFile; fileRef = 6B4120F82C034B9900CB10FE /* ApiPathProtocol.swift */; };
		6B4120FC2C034BDF00CB10FE /* ApiUrlFactory.swift in Sources */ = {isa = PBXBuildFile; fileRef = 6B4120FB2C034BDF00CB10FE /* ApiUrlFactory.swift */; };
		6B4120FE2C034C0D00CB10FE /* ApiHostEnum.swift in Sources */ = {isa = PBXBuildFile; fileRef = 6B4120FD2C034C0D00CB10FE /* ApiHostEnum.swift */; };
		6B4121002C034DFF00CB10FE /* RequestHeaderEnum.swift in Sources */ = {isa = PBXBuildFile; fileRef = 6B4120FF2C034DFF00CB10FE /* RequestHeaderEnum.swift */; };
		6B4121022C034E6D00CB10FE /* RequestErrorType.swift in Sources */ = {isa = PBXBuildFile; fileRef = 6B4121012C034E6D00CB10FE /* RequestErrorType.swift */; };
		6B4121042C03506C00CB10FE /* FriendsTabApiPath.swift in Sources */ = {isa = PBXBuildFile; fileRef = 6B4121032C03506C00CB10FE /* FriendsTabApiPath.swift */; };
		6B4121072C0352BA00CB10FE /* UserInfoService.swift in Sources */ = {isa = PBXBuildFile; fileRef = 6B4121062C0352BA00CB10FE /* UserInfoService.swift */; };
		6B41210F2C03531A00CB10FE /* FriendsListService.swift in Sources */ = {isa = PBXBuildFile; fileRef = 6B41210E2C03531A00CB10FE /* FriendsListService.swift */; };
		6B4121112C0355F400CB10FE /* HomeViewModel.swift in Sources */ = {isa = PBXBuildFile; fileRef = 6B4121102C0355F400CB10FE /* HomeViewModel.swift */; };
		6B4121132C03624100CB10FE /* UserDetailModel.swift in Sources */ = {isa = PBXBuildFile; fileRef = 6B4121122C03624100CB10FE /* UserDetailModel.swift */; };
		6B4121172C03646B00CB10FE /* FriendsPageBaseViewController.swift in Sources */ = {isa = PBXBuildFile; fileRef = 6B4121162C03646B00CB10FE /* FriendsPageBaseViewController.swift */; };
		6B4121192C03672D00CB10FE /* UserDetailHeaderView.swift in Sources */ = {isa = PBXBuildFile; fileRef = 6B4121182C03672D00CB10FE /* UserDetailHeaderView.swift */; };
		6B41211C2C0369BC00CB10FE /* ModelLabel.swift in Sources */ = {isa = PBXBuildFile; fileRef = 6B41211B2C0369BC00CB10FE /* ModelLabel.swift */; };
		6B4121212C036C3900CB10FE /* UIFontExt.swift in Sources */ = {isa = PBXBuildFile; fileRef = 6B4121202C036C3900CB10FE /* UIFontExt.swift */; };
		6B4121232C03715E00CB10FE /* FriendsPageSelectBarHeaderView.swift in Sources */ = {isa = PBXBuildFile; fileRef = 6B4121222C03715E00CB10FE /* FriendsPageSelectBarHeaderView.swift */; };
		6B4121262C0375C900CB10FE /* FriendsPageBaseViewModel.swift in Sources */ = {isa = PBXBuildFile; fileRef = 6B4121252C0375C900CB10FE /* FriendsPageBaseViewModel.swift */; };
		6B41212C2C0376BE00CB10FE /* NoFriendsViewModel.swift in Sources */ = {isa = PBXBuildFile; fileRef = 6B41212B2C0376BE00CB10FE /* NoFriendsViewModel.swift */; };
		6B41212E2C0376F200CB10FE /* OnlyFriendListViewModel.swift in Sources */ = {isa = PBXBuildFile; fileRef = 6B41212D2C0376F200CB10FE /* OnlyFriendListViewModel.swift */; };
		6B4121302C03770400CB10FE /* FriendListWithInvitationViewModel.swift in Sources */ = {isa = PBXBuildFile; fileRef = 6B41212F2C03770400CB10FE /* FriendListWithInvitationViewModel.swift */; };
		6B4121332C03786500CB10FE /* FriendModel.swift in Sources */ = {isa = PBXBuildFile; fileRef = 6B4121322C03786400CB10FE /* FriendModel.swift */; };
		6B4121352C03833500CB10FE /* NoFriendsTableViewCell.swift in Sources */ = {isa = PBXBuildFile; fileRef = 6B4121342C03833500CB10FE /* NoFriendsTableViewCell.swift */; };
		6B4121372C03848C00CB10FE /* UIImageExt.swift in Sources */ = {isa = PBXBuildFile; fileRef = 6B4121362C03848C00CB10FE /* UIImageExt.swift */; };
		6B4121392C039A0200CB10FE /* InvitationTableViewCell.swift in Sources */ = {isa = PBXBuildFile; fileRef = 6B4121382C039A0200CB10FE /* InvitationTableViewCell.swift */; };
		6B41213B2C03ABCE00CB10FE /* SearchBarTableViewCell.swift in Sources */ = {isa = PBXBuildFile; fileRef = 6B41213A2C03ABCE00CB10FE /* SearchBarTableViewCell.swift */; };
		6B41213D2C03B73700CB10FE /* FriendTableViewCell.swift in Sources */ = {isa = PBXBuildFile; fileRef = 6B41213C2C03B73700CB10FE /* FriendTableViewCell.swift */; };
/* End PBXBuildFile section */

/* Begin PBXContainerItemProxy section */
		6B4120B82C031CAF00CB10FE /* PBXContainerItemProxy */ = {
			isa = PBXContainerItemProxy;
			containerPortal = 6B4120992C031CAC00CB10FE /* Project object */;
			proxyType = 1;
			remoteGlobalIDString = 6B4120A02C031CAC00CB10FE;
			remoteInfo = CathayFriendList;
		};
		6B4120C22C031CAF00CB10FE /* PBXContainerItemProxy */ = {
			isa = PBXContainerItemProxy;
			containerPortal = 6B4120992C031CAC00CB10FE /* Project object */;
			proxyType = 1;
			remoteGlobalIDString = 6B4120A02C031CAC00CB10FE;
			remoteInfo = CathayFriendList;
		};
/* End PBXContainerItemProxy section */

/* Begin PBXFileReference section */
		6B3BA19A2C042EA90091E54E /* UIColorExt.swift */ = {isa = PBXFileReference; lastKnownFileType = sourcecode.swift; path = UIColorExt.swift; sourceTree = "<group>"; };
		6B4120A12C031CAC00CB10FE /* CathayFriendList.app */ = {isa = PBXFileReference; explicitFileType = wrapper.application; includeInIndex = 0; path = CathayFriendList.app; sourceTree = BUILT_PRODUCTS_DIR; };
		6B4120A42C031CAC00CB10FE /* AppDelegate.swift */ = {isa = PBXFileReference; lastKnownFileType = sourcecode.swift; path = AppDelegate.swift; sourceTree = "<group>"; };
		6B4120A82C031CAC00CB10FE /* HomeViewController.swift */ = {isa = PBXFileReference; lastKnownFileType = sourcecode.swift; path = HomeViewController.swift; sourceTree = "<group>"; };
		6B4120AD2C031CAE00CB10FE /* Assets.xcassets */ = {isa = PBXFileReference; lastKnownFileType = folder.assetcatalog; path = Assets.xcassets; sourceTree = "<group>"; };
		6B4120B02C031CAE00CB10FE /* Base */ = {isa = PBXFileReference; lastKnownFileType = file.storyboard; name = Base; path = Base.lproj/LaunchScreen.storyboard; sourceTree = "<group>"; };
		6B4120B22C031CAE00CB10FE /* Info.plist */ = {isa = PBXFileReference; lastKnownFileType = text.plist.xml; path = Info.plist; sourceTree = "<group>"; };
		6B4120B72C031CAF00CB10FE /* CathayFriendListTests.xctest */ = {isa = PBXFileReference; explicitFileType = wrapper.cfbundle; includeInIndex = 0; path = CathayFriendListTests.xctest; sourceTree = BUILT_PRODUCTS_DIR; };
		6B4120BB2C031CAF00CB10FE /* CathayFriendListTests.swift */ = {isa = PBXFileReference; lastKnownFileType = sourcecode.swift; path = CathayFriendListTests.swift; sourceTree = "<group>"; };
		6B4120C12C031CAF00CB10FE /* CathayFriendListUITests.xctest */ = {isa = PBXFileReference; explicitFileType = wrapper.cfbundle; includeInIndex = 0; path = CathayFriendListUITests.xctest; sourceTree = BUILT_PRODUCTS_DIR; };
		6B4120C52C031CAF00CB10FE /* CathayFriendListUITests.swift */ = {isa = PBXFileReference; lastKnownFileType = sourcecode.swift; path = CathayFriendListUITests.swift; sourceTree = "<group>"; };
		6B4120C72C031CAF00CB10FE /* CathayFriendListUITestsLaunchTests.swift */ = {isa = PBXFileReference; lastKnownFileType = sourcecode.swift; path = CathayFriendListUITestsLaunchTests.swift; sourceTree = "<group>"; };
		6B4120E02C0330A000CB10FE /* PageCategories.swift */ = {isa = PBXFileReference; lastKnownFileType = sourcecode.swift; path = PageCategories.swift; sourceTree = "<group>"; };
		6B4120E82C0331CC00CB10FE /* NoFriendsViewController.swift */ = {isa = PBXFileReference; lastKnownFileType = sourcecode.swift; path = NoFriendsViewController.swift; sourceTree = "<group>"; };
		6B4120EA2C0331DE00CB10FE /* OnlyFriendListViewController.swift */ = {isa = PBXFileReference; lastKnownFileType = sourcecode.swift; path = OnlyFriendListViewController.swift; sourceTree = "<group>"; };
		6B4120EC2C0331E800CB10FE /* FriendListWithInvitationViewController.swift */ = {isa = PBXFileReference; lastKnownFileType = sourcecode.swift; path = FriendListWithInvitationViewController.swift; sourceTree = "<group>"; };
		6B4120EF2C0332E500CB10FE /* PagesFactory.swift */ = {isa = PBXFileReference; lastKnownFileType = sourcecode.swift; path = PagesFactory.swift; sourceTree = "<group>"; };
		6B4120F12C03354600CB10FE /* HomeViewStyle.swift */ = {isa = PBXFileReference; lastKnownFileType = sourcecode.swift; path = HomeViewStyle.swift; sourceTree = "<group>"; };
		6B4120F42C034AF900CB10FE /* ApiRequestAble.swift */ = {isa = PBXFileReference; lastKnownFileType = sourcecode.swift; path = ApiRequestAble.swift; sourceTree = "<group>"; };
		6B4120F62C034B5200CB10FE /* ApiServiceRequest.swift */ = {isa = PBXFileReference; lastKnownFileType = sourcecode.swift; path = ApiServiceRequest.swift; sourceTree = "<group>"; };
		6B4120F82C034B9900CB10FE /* ApiPathProtocol.swift */ = {isa = PBXFileReference; lastKnownFileType = sourcecode.swift; path = ApiPathProtocol.swift; sourceTree = "<group>"; };
		6B4120FB2C034BDF00CB10FE /* ApiUrlFactory.swift */ = {isa = PBXFileReference; lastKnownFileType = sourcecode.swift; path = ApiUrlFactory.swift; sourceTree = "<group>"; };
		6B4120FD2C034C0D00CB10FE /* ApiHostEnum.swift */ = {isa = PBXFileReference; lastKnownFileType = sourcecode.swift; path = ApiHostEnum.swift; sourceTree = "<group>"; };
		6B4120FF2C034DFF00CB10FE /* RequestHeaderEnum.swift */ = {isa = PBXFileReference; lastKnownFileType = sourcecode.swift; path = RequestHeaderEnum.swift; sourceTree = "<group>"; };
		6B4121012C034E6D00CB10FE /* RequestErrorType.swift */ = {isa = PBXFileReference; lastKnownFileType = sourcecode.swift; path = RequestErrorType.swift; sourceTree = "<group>"; };
		6B4121032C03506C00CB10FE /* FriendsTabApiPath.swift */ = {isa = PBXFileReference; lastKnownFileType = sourcecode.swift; path = FriendsTabApiPath.swift; sourceTree = "<group>"; };
		6B4121062C0352BA00CB10FE /* UserInfoService.swift */ = {isa = PBXFileReference; lastKnownFileType = sourcecode.swift; path = UserInfoService.swift; sourceTree = "<group>"; };
		6B41210E2C03531A00CB10FE /* FriendsListService.swift */ = {isa = PBXFileReference; lastKnownFileType = sourcecode.swift; path = FriendsListService.swift; sourceTree = "<group>"; };
		6B4121102C0355F400CB10FE /* HomeViewModel.swift */ = {isa = PBXFileReference; lastKnownFileType = sourcecode.swift; path = HomeViewModel.swift; sourceTree = "<group>"; };
		6B4121122C03624100CB10FE /* UserDetailModel.swift */ = {isa = PBXFileReference; lastKnownFileType = sourcecode.swift; path = UserDetailModel.swift; sourceTree = "<group>"; };
		6B4121162C03646B00CB10FE /* FriendsPageBaseViewController.swift */ = {isa = PBXFileReference; lastKnownFileType = sourcecode.swift; path = FriendsPageBaseViewController.swift; sourceTree = "<group>"; };
		6B4121182C03672D00CB10FE /* UserDetailHeaderView.swift */ = {isa = PBXFileReference; lastKnownFileType = sourcecode.swift; path = UserDetailHeaderView.swift; sourceTree = "<group>"; };
		6B41211B2C0369BC00CB10FE /* ModelLabel.swift */ = {isa = PBXFileReference; lastKnownFileType = sourcecode.swift; path = ModelLabel.swift; sourceTree = "<group>"; };
		6B4121202C036C3900CB10FE /* UIFontExt.swift */ = {isa = PBXFileReference; lastKnownFileType = sourcecode.swift; path = UIFontExt.swift; sourceTree = "<group>"; };
		6B4121222C03715E00CB10FE /* FriendsPageSelectBarHeaderView.swift */ = {isa = PBXFileReference; lastKnownFileType = sourcecode.swift; path = FriendsPageSelectBarHeaderView.swift; sourceTree = "<group>"; };
		6B4121252C0375C900CB10FE /* FriendsPageBaseViewModel.swift */ = {isa = PBXFileReference; lastKnownFileType = sourcecode.swift; path = FriendsPageBaseViewModel.swift; sourceTree = "<group>"; };
		6B41212B2C0376BE00CB10FE /* NoFriendsViewModel.swift */ = {isa = PBXFileReference; lastKnownFileType = sourcecode.swift; path = NoFriendsViewModel.swift; sourceTree = "<group>"; };
		6B41212D2C0376F200CB10FE /* OnlyFriendListViewModel.swift */ = {isa = PBXFileReference; lastKnownFileType = sourcecode.swift; path = OnlyFriendListViewModel.swift; sourceTree = "<group>"; };
		6B41212F2C03770400CB10FE /* FriendListWithInvitationViewModel.swift */ = {isa = PBXFileReference; lastKnownFileType = sourcecode.swift; path = FriendListWithInvitationViewModel.swift; sourceTree = "<group>"; };
		6B4121322C03786400CB10FE /* FriendModel.swift */ = {isa = PBXFileReference; lastKnownFileType = sourcecode.swift; path = FriendModel.swift; sourceTree = "<group>"; };
		6B4121342C03833500CB10FE /* NoFriendsTableViewCell.swift */ = {isa = PBXFileReference; lastKnownFileType = sourcecode.swift; path = NoFriendsTableViewCell.swift; sourceTree = "<group>"; };
		6B4121362C03848C00CB10FE /* UIImageExt.swift */ = {isa = PBXFileReference; lastKnownFileType = sourcecode.swift; path = UIImageExt.swift; sourceTree = "<group>"; };
		6B4121382C039A0200CB10FE /* InvitationTableViewCell.swift */ = {isa = PBXFileReference; lastKnownFileType = sourcecode.swift; path = InvitationTableViewCell.swift; sourceTree = "<group>"; };
		6B41213A2C03ABCE00CB10FE /* SearchBarTableViewCell.swift */ = {isa = PBXFileReference; lastKnownFileType = sourcecode.swift; path = SearchBarTableViewCell.swift; sourceTree = "<group>"; };
		6B41213C2C03B73700CB10FE /* FriendTableViewCell.swift */ = {isa = PBXFileReference; lastKnownFileType = sourcecode.swift; path = FriendTableViewCell.swift; sourceTree = "<group>"; };
/* End PBXFileReference section */

/* Begin PBXFrameworksBuildPhase section */
		6B41209E2C031CAC00CB10FE /* Frameworks */ = {
			isa = PBXFrameworksBuildPhase;
			buildActionMask = 2147483647;
			files = (
				6B4120D82C032CE000CB10FE /* SnapKit in Frameworks */,
				6B4120DA2C032CE400CB10FE /* Alamofire in Frameworks */,
			);
			runOnlyForDeploymentPostprocessing = 0;
		};
		6B4120B42C031CAF00CB10FE /* Frameworks */ = {
			isa = PBXFrameworksBuildPhase;
			buildActionMask = 2147483647;
			files = (
			);
			runOnlyForDeploymentPostprocessing = 0;
		};
		6B4120BE2C031CAF00CB10FE /* Frameworks */ = {
			isa = PBXFrameworksBuildPhase;
			buildActionMask = 2147483647;
			files = (
			);
			runOnlyForDeploymentPostprocessing = 0;
		};
/* End PBXFrameworksBuildPhase section */

/* Begin PBXGroup section */
		6B4120982C031CAC00CB10FE = {
			isa = PBXGroup;
			children = (
				6B4120A32C031CAC00CB10FE /* CathayFriendList */,
				6B4120BA2C031CAF00CB10FE /* CathayFriendListTests */,
				6B4120C42C031CAF00CB10FE /* CathayFriendListUITests */,
				6B4120A22C031CAC00CB10FE /* Products */,
				6B4120D62C032CE000CB10FE /* Frameworks */,
			);
			sourceTree = "<group>";
		};
		6B4120A22C031CAC00CB10FE /* Products */ = {
			isa = PBXGroup;
			children = (
				6B4120A12C031CAC00CB10FE /* CathayFriendList.app */,
				6B4120B72C031CAF00CB10FE /* CathayFriendListTests.xctest */,
				6B4120C12C031CAF00CB10FE /* CathayFriendListUITests.xctest */,
			);
			name = Products;
			sourceTree = "<group>";
		};
		6B4120A32C031CAC00CB10FE /* CathayFriendList */ = {
			isa = PBXGroup;
			children = (
				6B41211D2C036B0A00CB10FE /* UIExtension */,
				6B41211A2C03698D00CB10FE /* UIComponents */,
				6B4121152C03644300CB10FE /* FriendsPageBasePage */,
				6B4120F32C034AC900CB10FE /* Api */,
				6B4121052C03528300CB10FE /* Service */,
				6B4120EE2C0332CC00CB10FE /* Factory */,
				6B4120E42C0331A100CB10FE /* FriendListWithInvitationViewController */,
				6B4120E32C03319200CB10FE /* OnlyFriendListViewController */,
				6B4120E22C03317C00CB10FE /* NoFriendsViewController */,
				6B4120DB2C03304900CB10FE /* HomePage */,
				6B4120A42C031CAC00CB10FE /* AppDelegate.swift */,
				6B4120AD2C031CAE00CB10FE /* Assets.xcassets */,
				6B4120AF2C031CAE00CB10FE /* LaunchScreen.storyboard */,
				6B4120B22C031CAE00CB10FE /* Info.plist */,
			);
			path = CathayFriendList;
			sourceTree = "<group>";
		};
		6B4120BA2C031CAF00CB10FE /* CathayFriendListTests */ = {
			isa = PBXGroup;
			children = (
				6B4120BB2C031CAF00CB10FE /* CathayFriendListTests.swift */,
			);
			path = CathayFriendListTests;
			sourceTree = "<group>";
		};
		6B4120C42C031CAF00CB10FE /* CathayFriendListUITests */ = {
			isa = PBXGroup;
			children = (
				6B4120C52C031CAF00CB10FE /* CathayFriendListUITests.swift */,
				6B4120C72C031CAF00CB10FE /* CathayFriendListUITestsLaunchTests.swift */,
			);
			path = CathayFriendListUITests;
			sourceTree = "<group>";
		};
		6B4120D62C032CE000CB10FE /* Frameworks */ = {
			isa = PBXGroup;
			children = (
			);
			name = Frameworks;
			sourceTree = "<group>";
		};
		6B4120DB2C03304900CB10FE /* HomePage */ = {
			isa = PBXGroup;
			children = (
				6B4120DF2C03306600CB10FE /* Model */,
				6B4120DE2C03306100CB10FE /* ViewModel */,
				6B4120DD2C03305B00CB10FE /* View */,
			);
			path = HomePage;
			sourceTree = "<group>";
		};
		6B4120DD2C03305B00CB10FE /* View */ = {
			isa = PBXGroup;
			children = (
				6B4120A82C031CAC00CB10FE /* HomeViewController.swift */,
				6B4120F12C03354600CB10FE /* HomeViewStyle.swift */,
			);
			path = View;
			sourceTree = "<group>";
		};
		6B4120DE2C03306100CB10FE /* ViewModel */ = {
			isa = PBXGroup;
			children = (
				6B4121102C0355F400CB10FE /* HomeViewModel.swift */,
			);
			path = ViewModel;
			sourceTree = "<group>";
		};
		6B4120DF2C03306600CB10FE /* Model */ = {
			isa = PBXGroup;
			children = (
				6B4120E02C0330A000CB10FE /* PageCategories.swift */,
			);
			path = Model;
			sourceTree = "<group>";
		};
		6B4120E22C03317C00CB10FE /* NoFriendsViewController */ = {
			isa = PBXGroup;
			children = (
				6B41212A2C0376AE00CB10FE /* ViewModel */,
				6B4120E52C0331B300CB10FE /* View */,
			);
			path = NoFriendsViewController;
			sourceTree = "<group>";
		};
		6B4120E32C03319200CB10FE /* OnlyFriendListViewController */ = {
			isa = PBXGroup;
			children = (
				6B4121292C0376A900CB10FE /* ViewModel */,
				6B4120E62C0331B800CB10FE /* View */,
			);
			path = OnlyFriendListViewController;
			sourceTree = "<group>";
		};
		6B4120E42C0331A100CB10FE /* FriendListWithInvitationViewController */ = {
			isa = PBXGroup;
			children = (
				6B4121282C0376A300CB10FE /* ViewModel */,
				6B4120E72C0331BC00CB10FE /* View */,
			);
			path = FriendListWithInvitationViewController;
			sourceTree = "<group>";
		};
		6B4120E52C0331B300CB10FE /* View */ = {
			isa = PBXGroup;
			children = (
				6B4120E82C0331CC00CB10FE /* NoFriendsViewController.swift */,
				6B4121342C03833500CB10FE /* NoFriendsTableViewCell.swift */,
			);
			path = View;
			sourceTree = "<group>";
		};
		6B4120E62C0331B800CB10FE /* View */ = {
			isa = PBXGroup;
			children = (
				6B4120EA2C0331DE00CB10FE /* OnlyFriendListViewController.swift */,
			);
			path = View;
			sourceTree = "<group>";
		};
		6B4120E72C0331BC00CB10FE /* View */ = {
			isa = PBXGroup;
			children = (
				6B4120EC2C0331E800CB10FE /* FriendListWithInvitationViewController.swift */,
				6B4121382C039A0200CB10FE /* InvitationTableViewCell.swift */,
			);
			path = View;
			sourceTree = "<group>";
		};
		6B4120EE2C0332CC00CB10FE /* Factory */ = {
			isa = PBXGroup;
			children = (
				6B4120EF2C0332E500CB10FE /* PagesFactory.swift */,
			);
			path = Factory;
			sourceTree = "<group>";
		};
		6B4120F32C034AC900CB10FE /* Api */ = {
			isa = PBXGroup;
			children = (
				6B4120F42C034AF900CB10FE /* ApiRequestAble.swift */,
				6B4120F62C034B5200CB10FE /* ApiServiceRequest.swift */,
				6B4120F82C034B9900CB10FE /* ApiPathProtocol.swift */,
				6B4120FB2C034BDF00CB10FE /* ApiUrlFactory.swift */,
				6B4120FD2C034C0D00CB10FE /* ApiHostEnum.swift */,
				6B4120FF2C034DFF00CB10FE /* RequestHeaderEnum.swift */,
				6B4121012C034E6D00CB10FE /* RequestErrorType.swift */,
			);
			path = Api;
			sourceTree = "<group>";
		};
		6B4121052C03528300CB10FE /* Service */ = {
			isa = PBXGroup;
			children = (
				6B4121312C03781800CB10FE /* ResponseModel */,
				6B4121032C03506C00CB10FE /* FriendsTabApiPath.swift */,
				6B4121062C0352BA00CB10FE /* UserInfoService.swift */,
				6B41210E2C03531A00CB10FE /* FriendsListService.swift */,
			);
			path = Service;
			sourceTree = "<group>";
		};
		6B4121152C03644300CB10FE /* FriendsPageBasePage */ = {
			isa = PBXGroup;
			children = (
				6B4121272C0375CD00CB10FE /* View */,
				6B4121242C0375BB00CB10FE /* ViewModel */,
			);
			path = FriendsPageBasePage;
			sourceTree = "<group>";
		};
		6B41211A2C03698D00CB10FE /* UIComponents */ = {
			isa = PBXGroup;
			children = (
				6B41211B2C0369BC00CB10FE /* ModelLabel.swift */,
			);
			path = UIComponents;
			sourceTree = "<group>";
		};
		6B41211D2C036B0A00CB10FE /* UIExtension */ = {
			isa = PBXGroup;
			children = (
				6B4121202C036C3900CB10FE /* UIFontExt.swift */,
				6B4121362C03848C00CB10FE /* UIImageExt.swift */,
				6B3BA19A2C042EA90091E54E /* UIColorExt.swift */,
			);
			path = UIExtension;
			sourceTree = "<group>";
		};
		6B4121242C0375BB00CB10FE /* ViewModel */ = {
			isa = PBXGroup;
			children = (
				6B4121252C0375C900CB10FE /* FriendsPageBaseViewModel.swift */,
			);
			path = ViewModel;
			sourceTree = "<group>";
		};
		6B4121272C0375CD00CB10FE /* View */ = {
			isa = PBXGroup;
			children = (
				6B4121162C03646B00CB10FE /* FriendsPageBaseViewController.swift */,
				6B4121182C03672D00CB10FE /* UserDetailHeaderView.swift */,
				6B4121222C03715E00CB10FE /* FriendsPageSelectBarHeaderView.swift */,
				6B41213A2C03ABCE00CB10FE /* SearchBarTableViewCell.swift */,
				6B41213C2C03B73700CB10FE /* FriendTableViewCell.swift */,
			);
			path = View;
			sourceTree = "<group>";
		};
		6B4121282C0376A300CB10FE /* ViewModel */ = {
			isa = PBXGroup;
			children = (
				6B41212F2C03770400CB10FE /* FriendListWithInvitationViewModel.swift */,
			);
			path = ViewModel;
			sourceTree = "<group>";
		};
		6B4121292C0376A900CB10FE /* ViewModel */ = {
			isa = PBXGroup;
			children = (
				6B41212D2C0376F200CB10FE /* OnlyFriendListViewModel.swift */,
			);
			path = ViewModel;
			sourceTree = "<group>";
		};
		6B41212A2C0376AE00CB10FE /* ViewModel */ = {
			isa = PBXGroup;
			children = (
				6B41212B2C0376BE00CB10FE /* NoFriendsViewModel.swift */,
			);
			path = ViewModel;
			sourceTree = "<group>";
		};
		6B4121312C03781800CB10FE /* ResponseModel */ = {
			isa = PBXGroup;
			children = (
				6B4121122C03624100CB10FE /* UserDetailModel.swift */,
				6B4121322C03786400CB10FE /* FriendModel.swift */,
			);
			path = ResponseModel;
			sourceTree = "<group>";
		};
/* End PBXGroup section */

/* Begin PBXNativeTarget section */
		6B4120A02C031CAC00CB10FE /* CathayFriendList */ = {
			isa = PBXNativeTarget;
			buildConfigurationList = 6B4120CB2C031CAF00CB10FE /* Build configuration list for PBXNativeTarget "CathayFriendList" */;
			buildPhases = (
				6B41209D2C031CAC00CB10FE /* Sources */,
				6B41209E2C031CAC00CB10FE /* Frameworks */,
				6B41209F2C031CAC00CB10FE /* Resources */,
			);
			buildRules = (
			);
			dependencies = (
			);
			name = CathayFriendList;
			packageProductDependencies = (
				6B4120D72C032CE000CB10FE /* SnapKit */,
				6B4120D92C032CE400CB10FE /* Alamofire */,
			);
			productName = CathayFriendList;
			productReference = 6B4120A12C031CAC00CB10FE /* CathayFriendList.app */;
			productType = "com.apple.product-type.application";
		};
		6B4120B62C031CAF00CB10FE /* CathayFriendListTests */ = {
			isa = PBXNativeTarget;
			buildConfigurationList = 6B4120CE2C031CAF00CB10FE /* Build configuration list for PBXNativeTarget "CathayFriendListTests" */;
			buildPhases = (
				6B4120B32C031CAF00CB10FE /* Sources */,
				6B4120B42C031CAF00CB10FE /* Frameworks */,
				6B4120B52C031CAF00CB10FE /* Resources */,
			);
			buildRules = (
			);
			dependencies = (
				6B4120B92C031CAF00CB10FE /* PBXTargetDependency */,
			);
			name = CathayFriendListTests;
			productName = CathayFriendListTests;
			productReference = 6B4120B72C031CAF00CB10FE /* CathayFriendListTests.xctest */;
			productType = "com.apple.product-type.bundle.unit-test";
		};
		6B4120C02C031CAF00CB10FE /* CathayFriendListUITests */ = {
			isa = PBXNativeTarget;
			buildConfigurationList = 6B4120D12C031CAF00CB10FE /* Build configuration list for PBXNativeTarget "CathayFriendListUITests" */;
			buildPhases = (
				6B4120BD2C031CAF00CB10FE /* Sources */,
				6B4120BE2C031CAF00CB10FE /* Frameworks */,
				6B4120BF2C031CAF00CB10FE /* Resources */,
			);
			buildRules = (
			);
			dependencies = (
				6B4120C32C031CAF00CB10FE /* PBXTargetDependency */,
			);
			name = CathayFriendListUITests;
			productName = CathayFriendListUITests;
			productReference = 6B4120C12C031CAF00CB10FE /* CathayFriendListUITests.xctest */;
			productType = "com.apple.product-type.bundle.ui-testing";
		};
/* End PBXNativeTarget section */

/* Begin PBXProject section */
		6B4120992C031CAC00CB10FE /* Project object */ = {
			isa = PBXProject;
			attributes = {
				BuildIndependentTargetsInParallel = 1;
				LastSwiftUpdateCheck = 1500;
				LastUpgradeCheck = 1500;
				TargetAttributes = {
					6B4120A02C031CAC00CB10FE = {
						CreatedOnToolsVersion = 15.0;
					};
					6B4120B62C031CAF00CB10FE = {
						CreatedOnToolsVersion = 15.0;
						TestTargetID = 6B4120A02C031CAC00CB10FE;
					};
					6B4120C02C031CAF00CB10FE = {
						CreatedOnToolsVersion = 15.0;
						TestTargetID = 6B4120A02C031CAC00CB10FE;
					};
				};
			};
			buildConfigurationList = 6B41209C2C031CAC00CB10FE /* Build configuration list for PBXProject "CathayFriendList" */;
			compatibilityVersion = "Xcode 14.0";
			developmentRegion = en;
			hasScannedForEncodings = 0;
			knownRegions = (
				en,
				Base,
			);
			mainGroup = 6B4120982C031CAC00CB10FE;
			packageReferences = (
				6B4120D42C03253700CB10FE /* XCRemoteSwiftPackageReference "SnapKit" */,
				6B4120D52C03255400CB10FE /* XCRemoteSwiftPackageReference "Alamofire" */,
			);
			productRefGroup = 6B4120A22C031CAC00CB10FE /* Products */;
			projectDirPath = "";
			projectRoot = "";
			targets = (
				6B4120A02C031CAC00CB10FE /* CathayFriendList */,
				6B4120B62C031CAF00CB10FE /* CathayFriendListTests */,
				6B4120C02C031CAF00CB10FE /* CathayFriendListUITests */,
			);
		};
/* End PBXProject section */

/* Begin PBXResourcesBuildPhase section */
		6B41209F2C031CAC00CB10FE /* Resources */ = {
			isa = PBXResourcesBuildPhase;
			buildActionMask = 2147483647;
			files = (
				6B4120B12C031CAE00CB10FE /* LaunchScreen.storyboard in Resources */,
				6B4120AE2C031CAE00CB10FE /* Assets.xcassets in Resources */,
			);
			runOnlyForDeploymentPostprocessing = 0;
		};
		6B4120B52C031CAF00CB10FE /* Resources */ = {
			isa = PBXResourcesBuildPhase;
			buildActionMask = 2147483647;
			files = (
			);
			runOnlyForDeploymentPostprocessing = 0;
		};
		6B4120BF2C031CAF00CB10FE /* Resources */ = {
			isa = PBXResourcesBuildPhase;
			buildActionMask = 2147483647;
			files = (
			);
			runOnlyForDeploymentPostprocessing = 0;
		};
/* End PBXResourcesBuildPhase section */

/* Begin PBXSourcesBuildPhase section */
		6B41209D2C031CAC00CB10FE /* Sources */ = {
			isa = PBXSourcesBuildPhase;
			buildActionMask = 2147483647;
			files = (
				6B4121172C03646B00CB10FE /* FriendsPageBaseViewController.swift in Sources */,
				6B41210F2C03531A00CB10FE /* FriendsListService.swift in Sources */,
				6B4121352C03833500CB10FE /* NoFriendsTableViewCell.swift in Sources */,
				6B4121112C0355F400CB10FE /* HomeViewModel.swift in Sources */,
				6B41213B2C03ABCE00CB10FE /* SearchBarTableViewCell.swift in Sources */,
				6B4121392C039A0200CB10FE /* InvitationTableViewCell.swift in Sources */,
				6B4120F92C034B9900CB10FE /* ApiPathProtocol.swift in Sources */,
				6B4121212C036C3900CB10FE /* UIFontExt.swift in Sources */,
				6B4120A92C031CAC00CB10FE /* HomeViewController.swift in Sources */,
				6B4120F52C034AF900CB10FE /* ApiRequestAble.swift in Sources */,
				6B4120ED2C0331E800CB10FE /* FriendListWithInvitationViewController.swift in Sources */,
				6B4120A52C031CAC00CB10FE /* AppDelegate.swift in Sources */,
				6B4121002C034DFF00CB10FE /* RequestHeaderEnum.swift in Sources */,
				6B3BA19B2C042EA90091E54E /* UIColorExt.swift in Sources */,
				6B4121302C03770400CB10FE /* FriendListWithInvitationViewModel.swift in Sources */,
				6B4121072C0352BA00CB10FE /* UserInfoService.swift in Sources */,
				6B4120F72C034B5200CB10FE /* ApiServiceRequest.swift in Sources */,
				6B4120F22C03354600CB10FE /* HomeViewStyle.swift in Sources */,
				6B4121192C03672D00CB10FE /* UserDetailHeaderView.swift in Sources */,
				6B41212C2C0376BE00CB10FE /* NoFriendsViewModel.swift in Sources */,
				6B4121022C034E6D00CB10FE /* RequestErrorType.swift in Sources */,
				6B41211C2C0369BC00CB10FE /* ModelLabel.swift in Sources */,
				6B4120E12C0330A000CB10FE /* PageCategories.swift in Sources */,
				6B4120F02C0332E500CB10FE /* PagesFactory.swift in Sources */,
				6B4121042C03506C00CB10FE /* FriendsTabApiPath.swift in Sources */,
				6B4120EB2C0331DE00CB10FE /* OnlyFriendListViewController.swift in Sources */,
				6B4121232C03715E00CB10FE /* FriendsPageSelectBarHeaderView.swift in Sources */,
				6B41213D2C03B73700CB10FE /* FriendTableViewCell.swift in Sources */,
				6B4121132C03624100CB10FE /* UserDetailModel.swift in Sources */,
				6B41212E2C0376F200CB10FE /* OnlyFriendListViewModel.swift in Sources */,
				6B4120E92C0331CC00CB10FE /* NoFriendsViewController.swift in Sources */,
				6B4121262C0375C900CB10FE /* FriendsPageBaseViewModel.swift in Sources */,
				6B4120FE2C034C0D00CB10FE /* ApiHostEnum.swift in Sources */,
				6B4120FC2C034BDF00CB10FE /* ApiUrlFactory.swift in Sources */,
				6B4121332C03786500CB10FE /* FriendModel.swift in Sources */,
				6B4121372C03848C00CB10FE /* UIImageExt.swift in Sources */,
			);
			runOnlyForDeploymentPostprocessing = 0;
		};
		6B4120B32C031CAF00CB10FE /* Sources */ = {
			isa = PBXSourcesBuildPhase;
			buildActionMask = 2147483647;
			files = (
				6B4120BC2C031CAF00CB10FE /* CathayFriendListTests.swift in Sources */,
			);
			runOnlyForDeploymentPostprocessing = 0;
		};
		6B4120BD2C031CAF00CB10FE /* Sources */ = {
			isa = PBXSourcesBuildPhase;
			buildActionMask = 2147483647;
			files = (
				6B4120C82C031CAF00CB10FE /* CathayFriendListUITestsLaunchTests.swift in Sources */,
				6B4120C62C031CAF00CB10FE /* CathayFriendListUITests.swift in Sources */,
			);
			runOnlyForDeploymentPostprocessing = 0;
		};
/* End PBXSourcesBuildPhase section */

/* Begin PBXTargetDependency section */
		6B4120B92C031CAF00CB10FE /* PBXTargetDependency */ = {
			isa = PBXTargetDependency;
			target = 6B4120A02C031CAC00CB10FE /* CathayFriendList */;
			targetProxy = 6B4120B82C031CAF00CB10FE /* PBXContainerItemProxy */;
		};
		6B4120C32C031CAF00CB10FE /* PBXTargetDependency */ = {
			isa = PBXTargetDependency;
			target = 6B4120A02C031CAC00CB10FE /* CathayFriendList */;
			targetProxy = 6B4120C22C031CAF00CB10FE /* PBXContainerItemProxy */;
		};
/* End PBXTargetDependency section */

/* Begin PBXVariantGroup section */
		6B4120AF2C031CAE00CB10FE /* LaunchScreen.storyboard */ = {
			isa = PBXVariantGroup;
			children = (
				6B4120B02C031CAE00CB10FE /* Base */,
			);
			name = LaunchScreen.storyboard;
			sourceTree = "<group>";
		};
/* End PBXVariantGroup section */

/* Begin XCBuildConfiguration section */
		6B4120C92C031CAF00CB10FE /* Debug */ = {
			isa = XCBuildConfiguration;
			buildSettings = {
				ALWAYS_SEARCH_USER_PATHS = NO;
				ASSETCATALOG_COMPILER_GENERATE_SWIFT_ASSET_SYMBOL_EXTENSIONS = YES;
				CLANG_ANALYZER_NONNULL = YES;
				CLANG_ANALYZER_NUMBER_OBJECT_CONVERSION = YES_AGGRESSIVE;
				CLANG_CXX_LANGUAGE_STANDARD = "gnu++20";
				CLANG_ENABLE_MODULES = YES;
				CLANG_ENABLE_OBJC_ARC = YES;
				CLANG_ENABLE_OBJC_WEAK = YES;
				CLANG_WARN_BLOCK_CAPTURE_AUTORELEASING = YES;
				CLANG_WARN_BOOL_CONVERSION = YES;
				CLANG_WARN_COMMA = YES;
				CLANG_WARN_CONSTANT_CONVERSION = YES;
				CLANG_WARN_DEPRECATED_OBJC_IMPLEMENTATIONS = YES;
				CLANG_WARN_DIRECT_OBJC_ISA_USAGE = YES_ERROR;
				CLANG_WARN_DOCUMENTATION_COMMENTS = YES;
				CLANG_WARN_EMPTY_BODY = YES;
				CLANG_WARN_ENUM_CONVERSION = YES;
				CLANG_WARN_INFINITE_RECURSION = YES;
				CLANG_WARN_INT_CONVERSION = YES;
				CLANG_WARN_NON_LITERAL_NULL_CONVERSION = YES;
				CLANG_WARN_OBJC_IMPLICIT_RETAIN_SELF = YES;
				CLANG_WARN_OBJC_LITERAL_CONVERSION = YES;
				CLANG_WARN_OBJC_ROOT_CLASS = YES_ERROR;
				CLANG_WARN_QUOTED_INCLUDE_IN_FRAMEWORK_HEADER = YES;
				CLANG_WARN_RANGE_LOOP_ANALYSIS = YES;
				CLANG_WARN_STRICT_PROTOTYPES = YES;
				CLANG_WARN_SUSPICIOUS_MOVE = YES;
				CLANG_WARN_UNGUARDED_AVAILABILITY = YES_AGGRESSIVE;
				CLANG_WARN_UNREACHABLE_CODE = YES;
				CLANG_WARN__DUPLICATE_METHOD_MATCH = YES;
				COPY_PHASE_STRIP = NO;
				DEBUG_INFORMATION_FORMAT = dwarf;
				ENABLE_STRICT_OBJC_MSGSEND = YES;
				ENABLE_TESTABILITY = YES;
				ENABLE_USER_SCRIPT_SANDBOXING = YES;
				GCC_C_LANGUAGE_STANDARD = gnu17;
				GCC_DYNAMIC_NO_PIC = NO;
				GCC_NO_COMMON_BLOCKS = YES;
				GCC_OPTIMIZATION_LEVEL = 0;
				GCC_PREPROCESSOR_DEFINITIONS = (
					"DEBUG=1",
					"$(inherited)",
				);
				GCC_WARN_64_TO_32_BIT_CONVERSION = YES;
				GCC_WARN_ABOUT_RETURN_TYPE = YES_ERROR;
				GCC_WARN_UNDECLARED_SELECTOR = YES;
				GCC_WARN_UNINITIALIZED_AUTOS = YES_AGGRESSIVE;
				GCC_WARN_UNUSED_FUNCTION = YES;
				GCC_WARN_UNUSED_VARIABLE = YES;
				IPHONEOS_DEPLOYMENT_TARGET = 17.0;
				LOCALIZATION_PREFERS_STRING_CATALOGS = YES;
				MTL_ENABLE_DEBUG_INFO = INCLUDE_SOURCE;
				MTL_FAST_MATH = YES;
				ONLY_ACTIVE_ARCH = YES;
				SDKROOT = iphoneos;
				SWIFT_ACTIVE_COMPILATION_CONDITIONS = "DEBUG $(inherited)";
				SWIFT_OPTIMIZATION_LEVEL = "-Onone";
			};
			name = Debug;
		};
		6B4120CA2C031CAF00CB10FE /* Release */ = {
			isa = XCBuildConfiguration;
			buildSettings = {
				ALWAYS_SEARCH_USER_PATHS = NO;
				ASSETCATALOG_COMPILER_GENERATE_SWIFT_ASSET_SYMBOL_EXTENSIONS = YES;
				CLANG_ANALYZER_NONNULL = YES;
				CLANG_ANALYZER_NUMBER_OBJECT_CONVERSION = YES_AGGRESSIVE;
				CLANG_CXX_LANGUAGE_STANDARD = "gnu++20";
				CLANG_ENABLE_MODULES = YES;
				CLANG_ENABLE_OBJC_ARC = YES;
				CLANG_ENABLE_OBJC_WEAK = YES;
				CLANG_WARN_BLOCK_CAPTURE_AUTORELEASING = YES;
				CLANG_WARN_BOOL_CONVERSION = YES;
				CLANG_WARN_COMMA = YES;
				CLANG_WARN_CONSTANT_CONVERSION = YES;
				CLANG_WARN_DEPRECATED_OBJC_IMPLEMENTATIONS = YES;
				CLANG_WARN_DIRECT_OBJC_ISA_USAGE = YES_ERROR;
				CLANG_WARN_DOCUMENTATION_COMMENTS = YES;
				CLANG_WARN_EMPTY_BODY = YES;
				CLANG_WARN_ENUM_CONVERSION = YES;
				CLANG_WARN_INFINITE_RECURSION = YES;
				CLANG_WARN_INT_CONVERSION = YES;
				CLANG_WARN_NON_LITERAL_NULL_CONVERSION = YES;
				CLANG_WARN_OBJC_IMPLICIT_RETAIN_SELF = YES;
				CLANG_WARN_OBJC_LITERAL_CONVERSION = YES;
				CLANG_WARN_OBJC_ROOT_CLASS = YES_ERROR;
				CLANG_WARN_QUOTED_INCLUDE_IN_FRAMEWORK_HEADER = YES;
				CLANG_WARN_RANGE_LOOP_ANALYSIS = YES;
				CLANG_WARN_STRICT_PROTOTYPES = YES;
				CLANG_WARN_SUSPICIOUS_MOVE = YES;
				CLANG_WARN_UNGUARDED_AVAILABILITY = YES_AGGRESSIVE;
				CLANG_WARN_UNREACHABLE_CODE = YES;
				CLANG_WARN__DUPLICATE_METHOD_MATCH = YES;
				COPY_PHASE_STRIP = NO;
				DEBUG_INFORMATION_FORMAT = "dwarf-with-dsym";
				ENABLE_NS_ASSERTIONS = NO;
				ENABLE_STRICT_OBJC_MSGSEND = YES;
				ENABLE_USER_SCRIPT_SANDBOXING = YES;
				GCC_C_LANGUAGE_STANDARD = gnu17;
				GCC_NO_COMMON_BLOCKS = YES;
				GCC_WARN_64_TO_32_BIT_CONVERSION = YES;
				GCC_WARN_ABOUT_RETURN_TYPE = YES_ERROR;
				GCC_WARN_UNDECLARED_SELECTOR = YES;
				GCC_WARN_UNINITIALIZED_AUTOS = YES_AGGRESSIVE;
				GCC_WARN_UNUSED_FUNCTION = YES;
				GCC_WARN_UNUSED_VARIABLE = YES;
				IPHONEOS_DEPLOYMENT_TARGET = 17.0;
				LOCALIZATION_PREFERS_STRING_CATALOGS = YES;
				MTL_ENABLE_DEBUG_INFO = NO;
				MTL_FAST_MATH = YES;
				SDKROOT = iphoneos;
				SWIFT_COMPILATION_MODE = wholemodule;
				VALIDATE_PRODUCT = YES;
			};
			name = Release;
		};
		6B4120CC2C031CAF00CB10FE /* Debug */ = {
			isa = XCBuildConfiguration;
			buildSettings = {
				ASSETCATALOG_COMPILER_APPICON_NAME = AppIcon;
				ASSETCATALOG_COMPILER_GLOBAL_ACCENT_COLOR_NAME = AccentColor;
				CODE_SIGN_STYLE = Automatic;
				CURRENT_PROJECT_VERSION = 1;
				DEVELOPMENT_TEAM = 3HR9HZ8WAN;
				GENERATE_INFOPLIST_FILE = YES;
				INFOPLIST_FILE = CathayFriendList/Info.plist;
				INFOPLIST_KEY_UIApplicationSupportsIndirectInputEvents = YES;
				INFOPLIST_KEY_UILaunchStoryboardName = LaunchScreen;
				INFOPLIST_KEY_UIMainStoryboardFile = "";
				INFOPLIST_KEY_UISupportedInterfaceOrientations_iPad = "UIInterfaceOrientationPortrait UIInterfaceOrientationPortraitUpsideDown UIInterfaceOrientationLandscapeLeft UIInterfaceOrientationLandscapeRight";
				INFOPLIST_KEY_UISupportedInterfaceOrientations_iPhone = "UIInterfaceOrientationPortrait UIInterfaceOrientationLandscapeLeft UIInterfaceOrientationLandscapeRight";
				IPHONEOS_DEPLOYMENT_TARGET = 15.0;
				LD_RUNPATH_SEARCH_PATHS = (
					"$(inherited)",
					"@executable_path/Frameworks",
				);
				MARKETING_VERSION = 1.0;
				PRODUCT_BUNDLE_IDENTIFIER = com.ibm801227.CathayFriendList;
				PRODUCT_NAME = "$(TARGET_NAME)";
				SWIFT_EMIT_LOC_STRINGS = YES;
				SWIFT_VERSION = 5.0;
				TARGETED_DEVICE_FAMILY = "1,2";
			};
			name = Debug;
		};
		6B4120CD2C031CAF00CB10FE /* Release */ = {
			isa = XCBuildConfiguration;
			buildSettings = {
				ASSETCATALOG_COMPILER_APPICON_NAME = AppIcon;
				ASSETCATALOG_COMPILER_GLOBAL_ACCENT_COLOR_NAME = AccentColor;
				CODE_SIGN_STYLE = Automatic;
				CURRENT_PROJECT_VERSION = 1;
				DEVELOPMENT_TEAM = 3HR9HZ8WAN;
				GENERATE_INFOPLIST_FILE = YES;
				INFOPLIST_FILE = CathayFriendList/Info.plist;
				INFOPLIST_KEY_UIApplicationSupportsIndirectInputEvents = YES;
				INFOPLIST_KEY_UILaunchStoryboardName = LaunchScreen;
				INFOPLIST_KEY_UIMainStoryboardFile = "";
				INFOPLIST_KEY_UISupportedInterfaceOrientations_iPad = "UIInterfaceOrientationPortrait UIInterfaceOrientationPortraitUpsideDown UIInterfaceOrientationLandscapeLeft UIInterfaceOrientationLandscapeRight";
				INFOPLIST_KEY_UISupportedInterfaceOrientations_iPhone = "UIInterfaceOrientationPortrait UIInterfaceOrientationLandscapeLeft UIInterfaceOrientationLandscapeRight";
				IPHONEOS_DEPLOYMENT_TARGET = 15.0;
				LD_RUNPATH_SEARCH_PATHS = (
					"$(inherited)",
					"@executable_path/Frameworks",
				);
				MARKETING_VERSION = 1.0;
				PRODUCT_BUNDLE_IDENTIFIER = com.ibm801227.CathayFriendList;
				PRODUCT_NAME = "$(TARGET_NAME)";
				SWIFT_EMIT_LOC_STRINGS = YES;
				SWIFT_VERSION = 5.0;
				TARGETED_DEVICE_FAMILY = "1,2";
			};
			name = Release;
		};
		6B4120CF2C031CAF00CB10FE /* Debug */ = {
			isa = XCBuildConfiguration;
			buildSettings = {
				ALWAYS_EMBED_SWIFT_STANDARD_LIBRARIES = YES;
				BUNDLE_LOADER = "$(TEST_HOST)";
				CODE_SIGN_STYLE = Automatic;
				CURRENT_PROJECT_VERSION = 1;
				DEVELOPMENT_TEAM = 3HR9HZ8WAN;
				GENERATE_INFOPLIST_FILE = YES;
				IPHONEOS_DEPLOYMENT_TARGET = 17.0;
				MARKETING_VERSION = 1.0;
				PRODUCT_BUNDLE_IDENTIFIER = com.ibm801227.CathayFriendListTests;
				PRODUCT_NAME = "$(TARGET_NAME)";
				SWIFT_EMIT_LOC_STRINGS = NO;
				SWIFT_VERSION = 5.0;
				TARGETED_DEVICE_FAMILY = "1,2";
				TEST_HOST = "$(BUILT_PRODUCTS_DIR)/CathayFriendList.app/$(BUNDLE_EXECUTABLE_FOLDER_PATH)/CathayFriendList";
			};
			name = Debug;
		};
		6B4120D02C031CAF00CB10FE /* Release */ = {
			isa = XCBuildConfiguration;
			buildSettings = {
				ALWAYS_EMBED_SWIFT_STANDARD_LIBRARIES = YES;
				BUNDLE_LOADER = "$(TEST_HOST)";
				CODE_SIGN_STYLE = Automatic;
				CURRENT_PROJECT_VERSION = 1;
				DEVELOPMENT_TEAM = 3HR9HZ8WAN;
				GENERATE_INFOPLIST_FILE = YES;
				IPHONEOS_DEPLOYMENT_TARGET = 17.0;
				MARKETING_VERSION = 1.0;
				PRODUCT_BUNDLE_IDENTIFIER = com.ibm801227.CathayFriendListTests;
				PRODUCT_NAME = "$(TARGET_NAME)";
				SWIFT_EMIT_LOC_STRINGS = NO;
				SWIFT_VERSION = 5.0;
				TARGETED_DEVICE_FAMILY = "1,2";
				TEST_HOST = "$(BUILT_PRODUCTS_DIR)/CathayFriendList.app/$(BUNDLE_EXECUTABLE_FOLDER_PATH)/CathayFriendList";
			};
			name = Release;
		};
		6B4120D22C031CAF00CB10FE /* Debug */ = {
			isa = XCBuildConfiguration;
			buildSettings = {
				ALWAYS_EMBED_SWIFT_STANDARD_LIBRARIES = YES;
				CODE_SIGN_STYLE = Automatic;
				CURRENT_PROJECT_VERSION = 1;
				DEVELOPMENT_TEAM = 3HR9HZ8WAN;
				GENERATE_INFOPLIST_FILE = YES;
				MARKETING_VERSION = 1.0;
				PRODUCT_BUNDLE_IDENTIFIER = com.ibm801227.CathayFriendListUITests;
				PRODUCT_NAME = "$(TARGET_NAME)";
				SWIFT_EMIT_LOC_STRINGS = NO;
				SWIFT_VERSION = 5.0;
				TARGETED_DEVICE_FAMILY = "1,2";
				TEST_TARGET_NAME = CathayFriendList;
			};
			name = Debug;
		};
		6B4120D32C031CAF00CB10FE /* Release */ = {
			isa = XCBuildConfiguration;
			buildSettings = {
				ALWAYS_EMBED_SWIFT_STANDARD_LIBRARIES = YES;
				CODE_SIGN_STYLE = Automatic;
				CURRENT_PROJECT_VERSION = 1;
				DEVELOPMENT_TEAM = 3HR9HZ8WAN;
				GENERATE_INFOPLIST_FILE = YES;
				MARKETING_VERSION = 1.0;
				PRODUCT_BUNDLE_IDENTIFIER = com.ibm801227.CathayFriendListUITests;
				PRODUCT_NAME = "$(TARGET_NAME)";
				SWIFT_EMIT_LOC_STRINGS = NO;
				SWIFT_VERSION = 5.0;
				TARGETED_DEVICE_FAMILY = "1,2";
				TEST_TARGET_NAME = CathayFriendList;
			};
			name = Release;
		};
/* End XCBuildConfiguration section */

/* Begin XCConfigurationList section */
		6B41209C2C031CAC00CB10FE /* Build configuration list for PBXProject "CathayFriendList" */ = {
			isa = XCConfigurationList;
			buildConfigurations = (
				6B4120C92C031CAF00CB10FE /* Debug */,
				6B4120CA2C031CAF00CB10FE /* Release */,
			);
			defaultConfigurationIsVisible = 0;
			defaultConfigurationName = Release;
		};
		6B4120CB2C031CAF00CB10FE /* Build configuration list for PBXNativeTarget "CathayFriendList" */ = {
			isa = XCConfigurationList;
			buildConfigurations = (
				6B4120CC2C031CAF00CB10FE /* Debug */,
				6B4120CD2C031CAF00CB10FE /* Release */,
			);
			defaultConfigurationIsVisible = 0;
			defaultConfigurationName = Release;
		};
		6B4120CE2C031CAF00CB10FE /* Build configuration list for PBXNativeTarget "CathayFriendListTests" */ = {
			isa = XCConfigurationList;
			buildConfigurations = (
				6B4120CF2C031CAF00CB10FE /* Debug */,
				6B4120D02C031CAF00CB10FE /* Release */,
			);
			defaultConfigurationIsVisible = 0;
			defaultConfigurationName = Release;
		};
		6B4120D12C031CAF00CB10FE /* Build configuration list for PBXNativeTarget "CathayFriendListUITests" */ = {
			isa = XCConfigurationList;
			buildConfigurations = (
				6B4120D22C031CAF00CB10FE /* Debug */,
				6B4120D32C031CAF00CB10FE /* Release */,
			);
			defaultConfigurationIsVisible = 0;
			defaultConfigurationName = Release;
		};
/* End XCConfigurationList section */

/* Begin XCRemoteSwiftPackageReference section */
		6B4120D42C03253700CB10FE /* XCRemoteSwiftPackageReference "SnapKit" */ = {
			isa = XCRemoteSwiftPackageReference;
			repositoryURL = "https://github.com/SnapKit/SnapKit.git";
			requirement = {
				kind = upToNextMajorVersion;
				minimumVersion = 5.7.1;
			};
		};
		6B4120D52C03255400CB10FE /* XCRemoteSwiftPackageReference "Alamofire" */ = {
			isa = XCRemoteSwiftPackageReference;
			repositoryURL = "https://github.com/Alamofire/Alamofire.git";
			requirement = {
				kind = upToNextMajorVersion;
				minimumVersion = 5.9.1;
			};
		};
/* End XCRemoteSwiftPackageReference section */

/* Begin XCSwiftPackageProductDependency section */
		6B4120D72C032CE000CB10FE /* SnapKit */ = {
			isa = XCSwiftPackageProductDependency;
			package = 6B4120D42C03253700CB10FE /* XCRemoteSwiftPackageReference "SnapKit" */;
			productName = SnapKit;
		};
		6B4120D92C032CE400CB10FE /* Alamofire */ = {
			isa = XCSwiftPackageProductDependency;
			package = 6B4120D52C03255400CB10FE /* XCRemoteSwiftPackageReference "Alamofire" */;
			productName = Alamofire;
		};
/* End XCSwiftPackageProductDependency section */
	};
	rootObject = 6B4120992C031CAC00CB10FE /* Project object */;
}
